// !$*UTF8*$!
{
	archiveVersion = 1;
	classes = {
	};
	objectVersion = 50;
	objects = {

/* Begin PBXBuildFile section */
		A55381422403C42700F89092 /* mansion.swift in Sources */ = {isa = PBXBuildFile; fileRef = A55381412403C42700F89092 /* mansion.swift */; };
		A5E5EEC52402B940005B9ABF /* AppDelegate.swift in Sources */ = {isa = PBXBuildFile; fileRef = A5E5EEC42402B940005B9ABF /* AppDelegate.swift */; };
		A5E5EEC72402B940005B9ABF /* SceneDelegate.swift in Sources */ = {isa = PBXBuildFile; fileRef = A5E5EEC62402B940005B9ABF /* SceneDelegate.swift */; };
		A5E5EEC92402B940005B9ABF /* ViewController.swift in Sources */ = {isa = PBXBuildFile; fileRef = A5E5EEC82402B940005B9ABF /* ViewController.swift */; };
		A5E5EECC2402B940005B9ABF /* Main.storyboard in Resources */ = {isa = PBXBuildFile; fileRef = A5E5EECA2402B940005B9ABF /* Main.storyboard */; };
		A5E5EECE2402B942005B9ABF /* Assets.xcassets in Resources */ = {isa = PBXBuildFile; fileRef = A5E5EECD2402B942005B9ABF /* Assets.xcassets */; };
		A5E5EED12402B942005B9ABF /* LaunchScreen.storyboard in Resources */ = {isa = PBXBuildFile; fileRef = A5E5EECF2402B942005B9ABF /* LaunchScreen.storyboard */; };
		A5E5EED92402BB16005B9ABF /* detailViewController.swift in Sources */ = {isa = PBXBuildFile; fileRef = A5E5EED82402BB16005B9ABF /* detailViewController.swift */; };
/* End PBXBuildFile section */

/* Begin PBXFileReference section */
		A55381412403C42700F89092 /* mansion.swift */ = {isa = PBXFileReference; lastKnownFileType = sourcecode.swift; path = mansion.swift; sourceTree = "<group>"; };
		A5E5EEC12402B940005B9ABF /* houseBook(OOP).app */ = {isa = PBXFileReference; explicitFileType = wrapper.application; includeInIndex = 0; path = "houseBook(OOP).app"; sourceTree = BUILT_PRODUCTS_DIR; };
		A5E5EEC42402B940005B9ABF /* AppDelegate.swift */ = {isa = PBXFileReference; lastKnownFileType = sourcecode.swift; path = AppDelegate.swift; sourceTree = "<group>"; };
		A5E5EEC62402B940005B9ABF /* SceneDelegate.swift */ = {isa = PBXFileReference; lastKnownFileType = sourcecode.swift; path = SceneDelegate.swift; sourceTree = "<group>"; };
		A5E5EEC82402B940005B9ABF /* ViewController.swift */ = {isa = PBXFileReference; lastKnownFileType = sourcecode.swift; path = ViewController.swift; sourceTree = "<group>"; };
		A5E5EECB2402B940005B9ABF /* Base */ = {isa = PBXFileReference; lastKnownFileType = file.storyboard; name = Base; path = Base.lproj/Main.storyboard; sourceTree = "<group>"; };
		A5E5EECD2402B942005B9ABF /* Assets.xcassets */ = {isa = PBXFileReference; lastKnownFileType = folder.assetcatalog; path = Assets.xcassets; sourceTree = "<group>"; };
		A5E5EED02402B942005B9ABF /* Base */ = {isa = PBXFileReference; lastKnownFileType = file.storyboard; name = Base; path = Base.lproj/LaunchScreen.storyboard; sourceTree = "<group>"; };
		A5E5EED22402B943005B9ABF /* Info.plist */ = {isa = PBXFileReference; lastKnownFileType = text.plist.xml; path = Info.plist; sourceTree = "<group>"; };
		A5E5EED82402BB16005B9ABF /* detailViewController.swift */ = {isa = PBXFileReference; lastKnownFileType = sourcecode.swift; path = detailViewController.swift; sourceTree = "<group>"; };
/* End PBXFileReference section */

/* Begin PBXFrameworksBuildPhase section */
		A5E5EEBE2402B940005B9ABF /* Frameworks */ = {
			isa = PBXFrameworksBuildPhase;
			buildActionMask = 2147483647;
			files = (
			);
			runOnlyForDeploymentPostprocessing = 0;
		};
/* End PBXFrameworksBuildPhase section */

/* Begin PBXGroup section */
		A5E5EEB82402B940005B9ABF = {
			isa = PBXGroup;
			children = (
				A5E5EEC32402B940005B9ABF /* houseBook(OOP) */,
				A5E5EEC22402B940005B9ABF /* Products */,
			);
			sourceTree = "<group>";
		};
		A5E5EEC22402B940005B9ABF /* Products */ = {
			isa = PBXGroup;
			children = (
				A5E5EEC12402B940005B9ABF /* houseBook(OOP).app */,
			);
			name = Products;
			sourceTree = "<group>";
		};
		A5E5EEC32402B940005B9ABF /* houseBook(OOP) */ = {
			isa = PBXGroup;
			children = (
				A5E5EEC42402B940005B9ABF /* AppDelegate.swift */,
				A5E5EEC62402B940005B9ABF /* SceneDelegate.swift */,
				A5E5EEC82402B940005B9ABF /* ViewController.swift */,
				A5E5EED82402BB16005B9ABF /* detailViewController.swift */,
				A5E5EECA2402B940005B9ABF /* Main.storyboard */,
				A55381412403C42700F89092 /* mansion.swift */,
				A5E5EECD2402B942005B9ABF /* Assets.xcassets */,
				A5E5EECF2402B942005B9ABF /* LaunchScreen.storyboard */,
				A5E5EED22402B943005B9ABF /* Info.plist */,
			);
			path = "houseBook(OOP)";
			sourceTree = "<group>";
		};
/* End PBXGroup section */

/* Begin PBXNativeTarget section */
		A5E5EEC02402B940005B9ABF /* houseBook(OOP) */ = {
			isa = PBXNativeTarget;
			buildConfigurationList = A5E5EED52402B943005B9ABF /* Build configuration list for PBXNativeTarget "houseBook(OOP)" */;
			buildPhases = (
				A5E5EEBD2402B940005B9ABF /* Sources */,
				A5E5EEBE2402B940005B9ABF /* Frameworks */,
				A5E5EEBF2402B940005B9ABF /* Resources */,
			);
			buildRules = (
			);
			dependencies = (
			);
			name = "houseBook(OOP)";
			productName = "houseBook(OOP)";
			productReference = A5E5EEC12402B940005B9ABF /* houseBook(OOP).app */;
			productType = "com.apple.product-type.application";
		};
/* End PBXNativeTarget section */

/* Begin PBXProject section */
		A5E5EEB92402B940005B9ABF /* Project object */ = {
			isa = PBXProject;
			attributes = {
				LastSwiftUpdateCheck = 1130;
				LastUpgradeCheck = 1130;
				ORGANIZATIONNAME = "Abdullah Mohammed";
				TargetAttributes = {
					A5E5EEC02402B940005B9ABF = {
						CreatedOnToolsVersion = 11.3.1;
					};
				};
			};
			buildConfigurationList = A5E5EEBC2402B940005B9ABF /* Build configuration list for PBXProject "houseBook(OOP)" */;
			compatibilityVersion = "Xcode 9.3";
			developmentRegion = en;
			hasScannedForEncodings = 0;
			knownRegions = (
				en,
				Base,
			);
			mainGroup = A5E5EEB82402B940005B9ABF;
			productRefGroup = A5E5EEC22402B940005B9ABF /* Products */;
			projectDirPath = "";
			projectRoot = "";
			targets = (
				A5E5EEC02402B940005B9ABF /* houseBook(OOP) */,
			);
		};
/* End PBXProject section */

/* Begin PBXResourcesBuildPhase section */
		A5E5EEBF2402B940005B9ABF /* Resources */ = {
			isa = PBXResourcesBuildPhase;
			buildActionMask = 2147483647;
			files = (
				A5E5EED12402B942005B9ABF /* LaunchScreen.storyboard in Resources */,
				A5E5EECE2402B942005B9ABF /* Assets.xcassets in Resources */,
				A5E5EECC2402B940005B9ABF /* Main.storyboard in Resources */,
			);
			runOnlyForDeploymentPostprocessing = 0;
		};
/* End PBXResourcesBuildPhase section */

/* Begin PBXSourcesBuildPhase section */
		A5E5EEBD2402B940005B9ABF /* Sources */ = {
			isa = PBXSourcesBuildPhase;
			buildActionMask = 2147483647;
			files = (
				A5E5EEC92402B940005B9ABF /* ViewController.swift in Sources */,
				A5E5EEC52402B940005B9ABF /* AppDelegate.swift in Sources */,
				A55381422403C42700F89092 /* mansion.swift in Sources */,
				A5E5EEC72402B940005B9ABF /* SceneDelegate.swift in Sources */,
				A5E5EED92402BB16005B9ABF /* detailViewController.swift in Sources */,
			);
			runOnlyForDeploymentPostprocessing = 0;
		};
/* End PBXSourcesBuildPhase section */

/* Begin PBXVariantGroup section */
		A5E5EECA2402B940005B9ABF /* Main.storyboard */ = {
			isa = PBXVariantGroup;
			children = (
				A5E5EECB2402B940005B9ABF /* Base */,
			);
			name = Main.storyboard;
			sourceTree = "<group>";
		};
		A5E5EECF2402B942005B9ABF /* LaunchScreen.storyboard */ = {
			isa = PBXVariantGroup;
			children = (
				A5E5EED02402B942005B9ABF /* Base */,
			);
			name = LaunchScreen.storyboard;
			sourceTree = "<group>";
		};
/* End PBXVariantGroup section */

/* Begin XCBuildConfiguration section */
		A5E5EED32402B943005B9ABF /* Debug */ = {
			isa = XCBuildConfiguration;
			buildSettings = {
				ALWAYS_SEARCH_USER_PATHS = NO;
				CLANG_ANALYZER_NONNULL = YES;
				CLANG_ANALYZER_NUMBER_OBJECT_CONVERSION = YES_AGGRESSIVE;
				CLANG_CXX_LANGUAGE_STANDARD = "gnu++14";
				CLANG_CXX_LIBRARY = "libc++";
				CLANG_ENABLE_MODULES = YES;
				CLANG_ENABLE_OBJC_ARC = YES;
				CLANG_ENABLE_OBJC_WEAK = YES;
				CLANG_WARN_BLOCK_CAPTURE_AUTORELEASING = YES;
				CLANG_WARN_BOOL_CONVERSION = YES;
				CLANG_WARN_COMMA = YES;
				CLANG_WARN_CONSTANT_CONVERSION = YES;
				CLANG_WARN_DEPRECATED_OBJC_IMPLEMENTATIONS = YES;
				CLANG_WARN_DIRECT_OBJC_ISA_USAGE = YES_ERROR;
				CLANG_WARN_DOCUMENTATION_COMMENTS = YES;
				CLANG_WARN_EMPTY_BODY = YES;
				CLANG_WARN_ENUM_CONVERSION = YES;
				CLANG_WARN_INFINITE_RECURSION = YES;
				CLANG_WARN_INT_CONVERSION = YES;
				CLANG_WARN_NON_LITERAL_NULL_CONVERSION = YES;
				CLANG_WARN_OBJC_IMPLICIT_RETAIN_SELF = YES;
				CLANG_WARN_OBJC_LITERAL_CONVERSION = YES;
				CLANG_WARN_OBJC_ROOT_CLASS = YES_ERROR;
				CLANG_WARN_RANGE_LOOP_ANALYSIS = YES;
				CLANG_WARN_STRICT_PROTOTYPES = YES;
				CLANG_WARN_SUSPICIOUS_MOVE = YES;
				CLANG_WARN_UNGUARDED_AVAILABILITY = YES_AGGRESSIVE;
				CLANG_WARN_UNREACHABLE_CODE = YES;
				CLANG_WARN__DUPLICATE_METHOD_MATCH = YES;
				COPY_PHASE_STRIP = NO;
				DEBUG_INFORMATION_FORMAT = dwarf;
				ENABLE_STRICT_OBJC_MSGSEND = YES;
				ENABLE_TESTABILITY = YES;
				GCC_C_LANGUAGE_STANDARD = gnu11;
				GCC_DYNAMIC_NO_PIC = NO;
				GCC_NO_COMMON_BLOCKS = YES;
				GCC_OPTIMIZATION_LEVEL = 0;
				GCC_PREPROCESSOR_DEFINITIONS = (
					"DEBUG=1",
					"$(inherited)",
				);
				GCC_WARN_64_TO_32_BIT_CONVERSION = YES;
				GCC_WARN_ABOUT_RETURN_TYPE = YES_ERROR;
				GCC_WARN_UNDECLARED_SELECTOR = YES;
				GCC_WARN_UNINITIALIZED_AUTOS = YES_AGGRESSIVE;
				GCC_WARN_UNUSED_FUNCTION = YES;
				GCC_WARN_UNUSED_VARIABLE = YES;
				IPHONEOS_DEPLOYMENT_TARGET = 13.2;
				MTL_ENABLE_DEBUG_INFO = INCLUDE_SOURCE;
				MTL_FAST_MATH = YES;
				ONLY_ACTIVE_ARCH = YES;
				SDKROOT = iphoneos;
				SWIFT_ACTIVE_COMPILATION_CONDITIONS = DEBUG;
				SWIFT_OPTIMIZATION_LEVEL = "-Onone";
			};
			name = Debug;
		};
		A5E5EED42402B943005B9ABF /* Release */ = {
			isa = XCBuildConfiguration;
			buildSettings = {
				ALWAYS_SEARCH_USER_PATHS = NO;
				CLANG_ANALYZER_NONNULL = YES;
				CLANG_ANALYZER_NUMBER_OBJECT_CONVERSION = YES_AGGRESSIVE;
				CLANG_CXX_LANGUAGE_STANDARD = "gnu++14";
				CLANG_CXX_LIBRARY = "libc++";
				CLANG_ENABLE_MODULES = YES;
				CLANG_ENABLE_OBJC_ARC = YES;
				CLANG_ENABLE_OBJC_WEAK = YES;
				CLANG_WARN_BLOCK_CAPTURE_AUTORELEASING = YES;
				CLANG_WARN_BOOL_CONVERSION = YES;
				CLANG_WARN_COMMA = YES;
				CLANG_WARN_CONSTANT_CONVERSION = YES;
				CLANG_WARN_DEPRECATED_OBJC_IMPLEMENTATIONS = YES;
				CLANG_WARN_DIRECT_OBJC_ISA_USAGE = YES_ERROR;
				CLANG_WARN_DOCUMENTATION_COMMENTS = YES;
				CLANG_WARN_EMPTY_BODY = YES;
				CLANG_WARN_ENUM_CONVERSION = YES;
				CLANG_WARN_INFINITE_RECURSION = YES;
				CLANG_WARN_INT_CONVERSION = YES;
				CLANG_WARN_NON_LITERAL_NULL_CONVERSION = YES;
				CLANG_WARN_OBJC_IMPLICIT_RETAIN_SELF = YES;
				CLANG_WARN_OBJC_LITERAL_CONVERSION = YES;
				CLANG_WARN_OBJC_ROOT_CLASS = YES_ERROR;
				CLANG_WARN_RANGE_LOOP_ANALYSIS = YES;
				CLANG_WARN_STRICT_PROTOTYPES = YES;
				CLANG_WARN_SUSPICIOUS_MOVE = YES;
				CLANG_WARN_UNGUARDED_AVAILABILITY = YES_AGGRESSIVE;
				CLANG_WARN_UNREACHABLE_CODE = YES;
				CLANG_WARN__DUPLICATE_METHOD_MATCH = YES;
				COPY_PHASE_STRIP = NO;
				DEBUG_INFORMATION_FORMAT = "dwarf-with-dsym";
				ENABLE_NS_ASSERTIONS = NO;
				ENABLE_STRICT_OBJC_MSGSEND = YES;
				GCC_C_LANGUAGE_STANDARD = gnu11;
				GCC_NO_COMMON_BLOCKS = YES;
				GCC_WARN_64_TO_32_BIT_CONVERSION = YES;
				GCC_WARN_ABOUT_RETURN_TYPE = YES_ERROR;
				GCC_WARN_UNDECLARED_SELECTOR = YES;
				GCC_WARN_UNINITIALIZED_AUTOS = YES_AGGRESSIVE;
				GCC_WARN_UNUSED_FUNCTION = YES;
				GCC_WARN_UNUSED_VARIABLE = YES;
				IPHONEOS_DEPLOYMENT_TARGET = 13.2;
				MTL_ENABLE_DEBUG_INFO = NO;
				MTL_FAST_MATH = YES;
				SDKROOT = iphoneos;
				SWIFT_COMPILATION_MODE = wholemodule;
				SWIFT_OPTIMIZATION_LEVEL = "-O";
				VALIDATE_PRODUCT = YES;
			};
			name = Release;
		};
		A5E5EED62402B943005B9ABF /* Debug */ = {
			isa = XCBuildConfiguration;
			buildSettings = {
				ASSETCATALOG_COMPILER_APPICON_NAME = AppIcon;
				CODE_SIGN_STYLE = Automatic;
				DEVELOPMENT_TEAM = PGYM7MJKJ3;
				INFOPLIST_FILE = "houseBook(OOP)/Info.plist";
				LD_RUNPATH_SEARCH_PATHS = (
					"$(inherited)",
					"@executable_path/Frameworks",
				);
				PRODUCT_BUNDLE_IDENTIFIER = "com.abdullah.houseBook-OOP-";
				PRODUCT_NAME = "$(TARGET_NAME)";
				SWIFT_VERSION = 5.0;
				TARGETED_DEVICE_FAMILY = "1,2";
			};
			name = Debug;
		};
		A5E5EED72402B943005B9ABF /* Release */ = {
			isa = XCBuildConfiguration;
			buildSettings = {
				ASSETCATALOG_COMPILER_APPICON_NAME = AppIcon;
				CODE_SIGN_STYLE = Automatic;
				DEVELOPMENT_TEAM = PGYM7MJKJ3;
				INFOPLIST_FILE = "houseBook(OOP)/Info.plist";
				LD_RUNPATH_SEARCH_PATHS = (
					"$(inherited)",
					"@executable_path/Frameworks",
				);
				PRODUCT_BUNDLE_IDENTIFIER = "com.abdullah.houseBook-OOP-";
				PRODUCT_NAME = "$(TARGET_NAME)";
				SWIFT_VERSION = 5.0;
				TARGETED_DEVICE_FAMILY = "1,2";
			};
			name = Release;
		};
/* End XCBuildConfiguration section */

/* Begin XCConfigurationList section */
		A5E5EEBC2402B940005B9ABF /* Build configuration list for PBXProject "houseBook(OOP)" */ = {
			isa = XCConfigurationList;
			buildConfigurations = (
				A5E5EED32402B943005B9ABF /* Debug */,
				A5E5EED42402B943005B9ABF /* Release */,
			);
			defaultConfigurationIsVisible = 0;
			defaultConfigurationName = Release;
		};
		A5E5EED52402B943005B9ABF /* Build configuration list for PBXNativeTarget "houseBook(OOP)" */ = {
			isa = XCConfigurationList;
			buildConfigurations = (
				A5E5EED62402B943005B9ABF /* Debug */,
				A5E5EED72402B943005B9ABF /* Release */,
			);
			defaultConfigurationIsVisible = 0;
			defaultConfigurationName = Release;
		};
/* End XCConfigurationList section */
	};
	rootObject = A5E5EEB92402B940005B9ABF /* Project object */;
}
