// !$*UTF8*$!
{
	archiveVersion = 1;
	classes = {
	};
	objectVersion = 50;
	objects = {

/* Begin PBXBuildFile section */
		A5E5EE8324024E80005B9ABF /* AppDelegate.swift in Sources */ = {isa = PBXBuildFile; fileRef = A5E5EE8224024E80005B9ABF /* AppDelegate.swift */; };
		A5E5EE8524024E80005B9ABF /* SceneDelegate.swift in Sources */ = {isa = PBXBuildFile; fileRef = A5E5EE8424024E80005B9ABF /* SceneDelegate.swift */; };
		A5E5EE8724024E80005B9ABF /* ViewController.swift in Sources */ = {isa = PBXBuildFile; fileRef = A5E5EE8624024E80005B9ABF /* ViewController.swift */; };
		A5E5EE8A24024E80005B9ABF /* Main.storyboard in Resources */ = {isa = PBXBuildFile; fileRef = A5E5EE8824024E80005B9ABF /* Main.storyboard */; };
		A5E5EE8C24024E8E005B9ABF /* Assets.xcassets in Resources */ = {isa = PBXBuildFile; fileRef = A5E5EE8B24024E8E005B9ABF /* Assets.xcassets */; };
		A5E5EE8F24024E8E005B9ABF /* LaunchScreen.storyboard in Resources */ = {isa = PBXBuildFile; fileRef = A5E5EE8D24024E8E005B9ABF /* LaunchScreen.storyboard */; };
/* End PBXBuildFile section */

/* Begin PBXFileReference section */
		A5E5EE7F24024E80005B9ABF /* catchMeIfYouCan.app */ = {isa = PBXFileReference; explicitFileType = wrapper.application; includeInIndex = 0; path = catchMeIfYouCan.app; sourceTree = BUILT_PRODUCTS_DIR; };
		A5E5EE8224024E80005B9ABF /* AppDelegate.swift */ = {isa = PBXFileReference; lastKnownFileType = sourcecode.swift; path = AppDelegate.swift; sourceTree = "<group>"; };
		A5E5EE8424024E80005B9ABF /* SceneDelegate.swift */ = {isa = PBXFileReference; lastKnownFileType = sourcecode.swift; path = SceneDelegate.swift; sourceTree = "<group>"; };
		A5E5EE8624024E80005B9ABF /* ViewController.swift */ = {isa = PBXFileReference; lastKnownFileType = sourcecode.swift; path = ViewController.swift; sourceTree = "<group>"; };
		A5E5EE8924024E80005B9ABF /* Base */ = {isa = PBXFileReference; lastKnownFileType = file.storyboard; name = Base; path = Base.lproj/Main.storyboard; sourceTree = "<group>"; };
		A5E5EE8B24024E8E005B9ABF /* Assets.xcassets */ = {isa = PBXFileReference; lastKnownFileType = folder.assetcatalog; path = Assets.xcassets; sourceTree = "<group>"; };
		A5E5EE8E24024E8E005B9ABF /* Base */ = {isa = PBXFileReference; lastKnownFileType = file.storyboard; name = Base; path = Base.lproj/LaunchScreen.storyboard; sourceTree = "<group>"; };
		A5E5EE9024024E8E005B9ABF /* Info.plist */ = {isa = PBXFileReference; lastKnownFileType = text.plist.xml; path = Info.plist; sourceTree = "<group>"; };
/* End PBXFileReference section */

/* Begin PBXFrameworksBuildPhase section */
		A5E5EE7C24024E80005B9ABF /* Frameworks */ = {
			isa = PBXFrameworksBuildPhase;
			buildActionMask = 2147483647;
			files = (
			);
			runOnlyForDeploymentPostprocessing = 0;
		};
/* End PBXFrameworksBuildPhase section */

/* Begin PBXGroup section */
		A5E5EE7624024E80005B9ABF = {
			isa = PBXGroup;
			children = (
				A5E5EE8124024E80005B9ABF /* catchMeIfYouCan */,
				A5E5EE8024024E80005B9ABF /* Products */,
			);
			sourceTree = "<group>";
		};
		A5E5EE8024024E80005B9ABF /* Products */ = {
			isa = PBXGroup;
			children = (
				A5E5EE7F24024E80005B9ABF /* catchMeIfYouCan.app */,
			);
			name = Products;
			sourceTree = "<group>";
		};
		A5E5EE8124024E80005B9ABF /* catchMeIfYouCan */ = {
			isa = PBXGroup;
			children = (
				A5E5EE8224024E80005B9ABF /* AppDelegate.swift */,
				A5E5EE8424024E80005B9ABF /* SceneDelegate.swift */,
				A5E5EE8624024E80005B9ABF /* ViewController.swift */,
				A5E5EE8824024E80005B9ABF /* Main.storyboard */,
				A5E5EE8B24024E8E005B9ABF /* Assets.xcassets */,
				A5E5EE8D24024E8E005B9ABF /* LaunchScreen.storyboard */,
				A5E5EE9024024E8E005B9ABF /* Info.plist */,
			);
			path = catchMeIfYouCan;
			sourceTree = "<group>";
		};
/* End PBXGroup section */

/* Begin PBXNativeTarget section */
		A5E5EE7E24024E80005B9ABF /* catchMeIfYouCan */ = {
			isa = PBXNativeTarget;
			buildConfigurationList = A5E5EE9324024E8E005B9ABF /* Build configuration list for PBXNativeTarget "catchMeIfYouCan" */;
			buildPhases = (
				A5E5EE7B24024E80005B9ABF /* Sources */,
				A5E5EE7C24024E80005B9ABF /* Frameworks */,
				A5E5EE7D24024E80005B9ABF /* Resources */,
			);
			buildRules = (
			);
			dependencies = (
			);
			name = catchMeIfYouCan;
			productName = catchMeIfYouCan;
			productReference = A5E5EE7F24024E80005B9ABF /* catchMeIfYouCan.app */;
			productType = "com.apple.product-type.application";
		};
/* End PBXNativeTarget section */

/* Begin PBXProject section */
		A5E5EE7724024E80005B9ABF /* Project object */ = {
			isa = PBXProject;
			attributes = {
				LastSwiftUpdateCheck = 1130;
				LastUpgradeCheck = 1130;
				ORGANIZATIONNAME = "Abdullah Mohammed";
				TargetAttributes = {
					A5E5EE7E24024E80005B9ABF = {
						CreatedOnToolsVersion = 11.3.1;
					};
				};
			};
			buildConfigurationList = A5E5EE7A24024E80005B9ABF /* Build configuration list for PBXProject "catchMeIfYouCan" */;
			compatibilityVersion = "Xcode 9.3";
			developmentRegion = en;
			hasScannedForEncodings = 0;
			knownRegions = (
				en,
				Base,
			);
			mainGroup = A5E5EE7624024E80005B9ABF;
			productRefGroup = A5E5EE8024024E80005B9ABF /* Products */;
			projectDirPath = "";
			projectRoot = "";
			targets = (
				A5E5EE7E24024E80005B9ABF /* catchMeIfYouCan */,
			);
		};
/* End PBXProject section */

/* Begin PBXResourcesBuildPhase section */
		A5E5EE7D24024E80005B9ABF /* Resources */ = {
			isa = PBXResourcesBuildPhase;
			buildActionMask = 2147483647;
			files = (
				A5E5EE8F24024E8E005B9ABF /* LaunchScreen.storyboard in Resources */,
				A5E5EE8C24024E8E005B9ABF /* Assets.xcassets in Resources */,
				A5E5EE8A24024E80005B9ABF /* Main.storyboard in Resources */,
			);
			runOnlyForDeploymentPostprocessing = 0;
		};
/* End PBXResourcesBuildPhase section */

/* Begin PBXSourcesBuildPhase section */
		A5E5EE7B24024E80005B9ABF /* Sources */ = {
			isa = PBXSourcesBuildPhase;
			buildActionMask = 2147483647;
			files = (
				A5E5EE8724024E80005B9ABF /* ViewController.swift in Sources */,
				A5E5EE8324024E80005B9ABF /* AppDelegate.swift in Sources */,
				A5E5EE8524024E80005B9ABF /* SceneDelegate.swift in Sources */,
			);
			runOnlyForDeploymentPostprocessing = 0;
		};
/* End PBXSourcesBuildPhase section */

/* Begin PBXVariantGroup section */
		A5E5EE8824024E80005B9ABF /* Main.storyboard */ = {
			isa = PBXVariantGroup;
			children = (
				A5E5EE8924024E80005B9ABF /* Base */,
			);
			name = Main.storyboard;
			sourceTree = "<group>";
		};
		A5E5EE8D24024E8E005B9ABF /* LaunchScreen.storyboard */ = {
			isa = PBXVariantGroup;
			children = (
				A5E5EE8E24024E8E005B9ABF /* Base */,
			);
			name = LaunchScreen.storyboard;
			sourceTree = "<group>";
		};
/* End PBXVariantGroup section */

/* Begin XCBuildConfiguration section */
		A5E5EE9124024E8E005B9ABF /* Debug */ = {
			isa = XCBuildConfiguration;
			buildSettings = {
				ALWAYS_SEARCH_USER_PATHS = NO;
				CLANG_ANALYZER_NONNULL = YES;
				CLANG_ANALYZER_NUMBER_OBJECT_CONVERSION = YES_AGGRESSIVE;
				CLANG_CXX_LANGUAGE_STANDARD = "gnu++14";
				CLANG_CXX_LIBRARY = "libc++";
				CLANG_ENABLE_MODULES = YES;
				CLANG_ENABLE_OBJC_ARC = YES;
				CLANG_ENABLE_OBJC_WEAK = YES;
				CLANG_WARN_BLOCK_CAPTURE_AUTORELEASING = YES;
				CLANG_WARN_BOOL_CONVERSION = YES;
				CLANG_WARN_COMMA = YES;
				CLANG_WARN_CONSTANT_CONVERSION = YES;
				CLANG_WARN_DEPRECATED_OBJC_IMPLEMENTATIONS = YES;
				CLANG_WARN_DIRECT_OBJC_ISA_USAGE = YES_ERROR;
				CLANG_WARN_DOCUMENTATION_COMMENTS = YES;
				CLANG_WARN_EMPTY_BODY = YES;
				CLANG_WARN_ENUM_CONVERSION = YES;
				CLANG_WARN_INFINITE_RECURSION = YES;
				CLANG_WARN_INT_CONVERSION = YES;
				CLANG_WARN_NON_LITERAL_NULL_CONVERSION = YES;
				CLANG_WARN_OBJC_IMPLICIT_RETAIN_SELF = YES;
				CLANG_WARN_OBJC_LITERAL_CONVERSION = YES;
				CLANG_WARN_OBJC_ROOT_CLASS = YES_ERROR;
				CLANG_WARN_RANGE_LOOP_ANALYSIS = YES;
				CLANG_WARN_STRICT_PROTOTYPES = YES;
				CLANG_WARN_SUSPICIOUS_MOVE = YES;
				CLANG_WARN_UNGUARDED_AVAILABILITY = YES_AGGRESSIVE;
				CLANG_WARN_UNREACHABLE_CODE = YES;
				CLANG_WARN__DUPLICATE_METHOD_MATCH = YES;
				COPY_PHASE_STRIP = NO;
				DEBUG_INFORMATION_FORMAT = dwarf;
				ENABLE_STRICT_OBJC_MSGSEND = YES;
				ENABLE_TESTABILITY = YES;
				GCC_C_LANGUAGE_STANDARD = gnu11;
				GCC_DYNAMIC_NO_PIC = NO;
				GCC_NO_COMMON_BLOCKS = YES;
				GCC_OPTIMIZATION_LEVEL = 0;
				GCC_PREPROCESSOR_DEFINITIONS = (
					"DEBUG=1",
					"$(inherited)",
				);
				GCC_WARN_64_TO_32_BIT_CONVERSION = YES;
				GCC_WARN_ABOUT_RETURN_TYPE = YES_ERROR;
				GCC_WARN_UNDECLARED_SELECTOR = YES;
				GCC_WARN_UNINITIALIZED_AUTOS = YES_AGGRESSIVE;
				GCC_WARN_UNUSED_FUNCTION = YES;
				GCC_WARN_UNUSED_VARIABLE = YES;
				IPHONEOS_DEPLOYMENT_TARGET = 13.2;
				MTL_ENABLE_DEBUG_INFO = INCLUDE_SOURCE;
				MTL_FAST_MATH = YES;
				ONLY_ACTIVE_ARCH = YES;
				SDKROOT = iphoneos;
				SWIFT_ACTIVE_COMPILATION_CONDITIONS = DEBUG;
				SWIFT_OPTIMIZATION_LEVEL = "-Onone";
			};
			name = Debug;
		};
		A5E5EE9224024E8E005B9ABF /* Release */ = {
			isa = XCBuildConfiguration;
			buildSettings = {
				ALWAYS_SEARCH_USER_PATHS = NO;
				CLANG_ANALYZER_NONNULL = YES;
				CLANG_ANALYZER_NUMBER_OBJECT_CONVERSION = YES_AGGRESSIVE;
				CLANG_CXX_LANGUAGE_STANDARD = "gnu++14";
				CLANG_CXX_LIBRARY = "libc++";
				CLANG_ENABLE_MODULES = YES;
				CLANG_ENABLE_OBJC_ARC = YES;
				CLANG_ENABLE_OBJC_WEAK = YES;
				CLANG_WARN_BLOCK_CAPTURE_AUTORELEASING = YES;
				CLANG_WARN_BOOL_CONVERSION = YES;
				CLANG_WARN_COMMA = YES;
				CLANG_WARN_CONSTANT_CONVERSION = YES;
				CLANG_WARN_DEPRECATED_OBJC_IMPLEMENTATIONS = YES;
				CLANG_WARN_DIRECT_OBJC_ISA_USAGE = YES_ERROR;
				CLANG_WARN_DOCUMENTATION_COMMENTS = YES;
				CLANG_WARN_EMPTY_BODY = YES;
				CLANG_WARN_ENUM_CONVERSION = YES;
				CLANG_WARN_INFINITE_RECURSION = YES;
				CLANG_WARN_INT_CONVERSION = YES;
				CLANG_WARN_NON_LITERAL_NULL_CONVERSION = YES;
				CLANG_WARN_OBJC_IMPLICIT_RETAIN_SELF = YES;
				CLANG_WARN_OBJC_LITERAL_CONVERSION = YES;
				CLANG_WARN_OBJC_ROOT_CLASS = YES_ERROR;
				CLANG_WARN_RANGE_LOOP_ANALYSIS = YES;
				CLANG_WARN_STRICT_PROTOTYPES = YES;
				CLANG_WARN_SUSPICIOUS_MOVE = YES;
				CLANG_WARN_UNGUARDED_AVAILABILITY = YES_AGGRESSIVE;
				CLANG_WARN_UNREACHABLE_CODE = YES;
				CLANG_WARN__DUPLICATE_METHOD_MATCH = YES;
				COPY_PHASE_STRIP = NO;
				DEBUG_INFORMATION_FORMAT = "dwarf-with-dsym";
				ENABLE_NS_ASSERTIONS = NO;
				ENABLE_STRICT_OBJC_MSGSEND = YES;
				GCC_C_LANGUAGE_STANDARD = gnu11;
				GCC_NO_COMMON_BLOCKS = YES;
				GCC_WARN_64_TO_32_BIT_CONVERSION = YES;
				GCC_WARN_ABOUT_RETURN_TYPE = YES_ERROR;
				GCC_WARN_UNDECLARED_SELECTOR = YES;
				GCC_WARN_UNINITIALIZED_AUTOS = YES_AGGRESSIVE;
				GCC_WARN_UNUSED_FUNCTION = YES;
				GCC_WARN_UNUSED_VARIABLE = YES;
				IPHONEOS_DEPLOYMENT_TARGET = 13.2;
				MTL_ENABLE_DEBUG_INFO = NO;
				MTL_FAST_MATH = YES;
				SDKROOT = iphoneos;
				SWIFT_COMPILATION_MODE = wholemodule;
				SWIFT_OPTIMIZATION_LEVEL = "-O";
				VALIDATE_PRODUCT = YES;
			};
			name = Release;
		};
		A5E5EE9424024E8E005B9ABF /* Debug */ = {
			isa = XCBuildConfiguration;
			buildSettings = {
				ASSETCATALOG_COMPILER_APPICON_NAME = AppIcon;
				CODE_SIGN_STYLE = Automatic;
				DEVELOPMENT_TEAM = PGYM7MJKJ3;
				INFOPLIST_FILE = catchMeIfYouCan/Info.plist;
				LD_RUNPATH_SEARCH_PATHS = (
					"$(inherited)",
					"@executable_path/Frameworks",
				);
				PRODUCT_BUNDLE_IDENTIFIER = com.abdullah.catchMeIfYouCan;
				PRODUCT_NAME = "$(TARGET_NAME)";
				SWIFT_VERSION = 5.0;
				TARGETED_DEVICE_FAMILY = "1,2";
			};
			name = Debug;
		};
		A5E5EE9524024E8E005B9ABF /* Release */ = {
			isa = XCBuildConfiguration;
			buildSettings = {
				ASSETCATALOG_COMPILER_APPICON_NAME = AppIcon;
				CODE_SIGN_STYLE = Automatic;
				DEVELOPMENT_TEAM = PGYM7MJKJ3;
				INFOPLIST_FILE = catchMeIfYouCan/Info.plist;
				LD_RUNPATH_SEARCH_PATHS = (
					"$(inherited)",
					"@executable_path/Frameworks",
				);
				PRODUCT_BUNDLE_IDENTIFIER = com.abdullah.catchMeIfYouCan;
				PRODUCT_NAME = "$(TARGET_NAME)";
				SWIFT_VERSION = 5.0;
				TARGETED_DEVICE_FAMILY = "1,2";
			};
			name = Release;
		};
/* End XCBuildConfiguration section */

/* Begin XCConfigurationList section */
		A5E5EE7A24024E80005B9ABF /* Build configuration list for PBXProject "catchMeIfYouCan" */ = {
			isa = XCConfigurationList;
			buildConfigurations = (
				A5E5EE9124024E8E005B9ABF /* Debug */,
				A5E5EE9224024E8E005B9ABF /* Release */,
			);
			defaultConfigurationIsVisible = 0;
			defaultConfigurationName = Release;
		};
		A5E5EE9324024E8E005B9ABF /* Build configuration list for PBXNativeTarget "catchMeIfYouCan" */ = {
			isa = XCConfigurationList;
			buildConfigurations = (
				A5E5EE9424024E8E005B9ABF /* Debug */,
				A5E5EE9524024E8E005B9ABF /* Release */,
			);
			defaultConfigurationIsVisible = 0;
			defaultConfigurationName = Release;
		};
/* End XCConfigurationList section */
	};
	rootObject = A5E5EE7724024E80005B9ABF /* Project object */;
}
