// !$*UTF8*$!
{
	archiveVersion = 1;
	classes = {
	};
	objectVersion = 50;
	objects = {

/* Begin PBXBuildFile section */
		A5CBD8392406737200EB3638 /* AppDelegate.swift in Sources */ = {isa = PBXBuildFile; fileRef = A5CBD8382406737200EB3638 /* AppDelegate.swift */; };
		A5CBD83B2406737200EB3638 /* SceneDelegate.swift in Sources */ = {isa = PBXBuildFile; fileRef = A5CBD83A2406737200EB3638 /* SceneDelegate.swift */; };
		A5CBD83D2406737200EB3638 /* ViewController.swift in Sources */ = {isa = PBXBuildFile; fileRef = A5CBD83C2406737200EB3638 /* ViewController.swift */; };
		A5CBD8402406737200EB3638 /* Main.storyboard in Resources */ = {isa = PBXBuildFile; fileRef = A5CBD83E2406737200EB3638 /* Main.storyboard */; };
		A5CBD8432406737200EB3638 /* mapTagLocation.xcdatamodeld in Sources */ = {isa = PBXBuildFile; fileRef = A5CBD8412406737200EB3638 /* mapTagLocation.xcdatamodeld */; };
		A5CBD8452406737800EB3638 /* Assets.xcassets in Resources */ = {isa = PBXBuildFile; fileRef = A5CBD8442406737800EB3638 /* Assets.xcassets */; };
		A5CBD8482406737800EB3638 /* LaunchScreen.storyboard in Resources */ = {isa = PBXBuildFile; fileRef = A5CBD8462406737800EB3638 /* LaunchScreen.storyboard */; };
/* End PBXBuildFile section */

/* Begin PBXFileReference section */
		A5CBD8352406737200EB3638 /* mapTagLocation.app */ = {isa = PBXFileReference; explicitFileType = wrapper.application; includeInIndex = 0; path = mapTagLocation.app; sourceTree = BUILT_PRODUCTS_DIR; };
		A5CBD8382406737200EB3638 /* AppDelegate.swift */ = {isa = PBXFileReference; lastKnownFileType = sourcecode.swift; path = AppDelegate.swift; sourceTree = "<group>"; };
		A5CBD83A2406737200EB3638 /* SceneDelegate.swift */ = {isa = PBXFileReference; lastKnownFileType = sourcecode.swift; path = SceneDelegate.swift; sourceTree = "<group>"; };
		A5CBD83C2406737200EB3638 /* ViewController.swift */ = {isa = PBXFileReference; lastKnownFileType = sourcecode.swift; path = ViewController.swift; sourceTree = "<group>"; };
		A5CBD83F2406737200EB3638 /* Base */ = {isa = PBXFileReference; lastKnownFileType = file.storyboard; name = Base; path = Base.lproj/Main.storyboard; sourceTree = "<group>"; };
		A5CBD8422406737200EB3638 /* mapTagLocation.xcdatamodel */ = {isa = PBXFileReference; lastKnownFileType = wrapper.xcdatamodel; path = mapTagLocation.xcdatamodel; sourceTree = "<group>"; };
		A5CBD8442406737800EB3638 /* Assets.xcassets */ = {isa = PBXFileReference; lastKnownFileType = folder.assetcatalog; path = Assets.xcassets; sourceTree = "<group>"; };
		A5CBD8472406737800EB3638 /* Base */ = {isa = PBXFileReference; lastKnownFileType = file.storyboard; name = Base; path = Base.lproj/LaunchScreen.storyboard; sourceTree = "<group>"; };
		A5CBD8492406737800EB3638 /* Info.plist */ = {isa = PBXFileReference; lastKnownFileType = text.plist.xml; path = Info.plist; sourceTree = "<group>"; };
/* End PBXFileReference section */

/* Begin PBXFrameworksBuildPhase section */
		A5CBD8322406737200EB3638 /* Frameworks */ = {
			isa = PBXFrameworksBuildPhase;
			buildActionMask = 2147483647;
			files = (
			);
			runOnlyForDeploymentPostprocessing = 0;
		};
/* End PBXFrameworksBuildPhase section */

/* Begin PBXGroup section */
		A5CBD82C2406737200EB3638 = {
			isa = PBXGroup;
			children = (
				A5CBD8372406737200EB3638 /* mapTagLocation */,
				A5CBD8362406737200EB3638 /* Products */,
			);
			sourceTree = "<group>";
		};
		A5CBD8362406737200EB3638 /* Products */ = {
			isa = PBXGroup;
			children = (
				A5CBD8352406737200EB3638 /* mapTagLocation.app */,
			);
			name = Products;
			sourceTree = "<group>";
		};
		A5CBD8372406737200EB3638 /* mapTagLocation */ = {
			isa = PBXGroup;
			children = (
				A5CBD8382406737200EB3638 /* AppDelegate.swift */,
				A5CBD83A2406737200EB3638 /* SceneDelegate.swift */,
				A5CBD83C2406737200EB3638 /* ViewController.swift */,
				A5CBD83E2406737200EB3638 /* Main.storyboard */,
				A5CBD8442406737800EB3638 /* Assets.xcassets */,
				A5CBD8462406737800EB3638 /* LaunchScreen.storyboard */,
				A5CBD8492406737800EB3638 /* Info.plist */,
				A5CBD8412406737200EB3638 /* mapTagLocation.xcdatamodeld */,
			);
			path = mapTagLocation;
			sourceTree = "<group>";
		};
/* End PBXGroup section */

/* Begin PBXNativeTarget section */
		A5CBD8342406737200EB3638 /* mapTagLocation */ = {
			isa = PBXNativeTarget;
			buildConfigurationList = A5CBD84C2406737800EB3638 /* Build configuration list for PBXNativeTarget "mapTagLocation" */;
			buildPhases = (
				A5CBD8312406737200EB3638 /* Sources */,
				A5CBD8322406737200EB3638 /* Frameworks */,
				A5CBD8332406737200EB3638 /* Resources */,
			);
			buildRules = (
			);
			dependencies = (
			);
			name = mapTagLocation;
			productName = mapTagLocation;
			productReference = A5CBD8352406737200EB3638 /* mapTagLocation.app */;
			productType = "com.apple.product-type.application";
		};
/* End PBXNativeTarget section */

/* Begin PBXProject section */
		A5CBD82D2406737200EB3638 /* Project object */ = {
			isa = PBXProject;
			attributes = {
				LastSwiftUpdateCheck = 1130;
				LastUpgradeCheck = 1130;
				ORGANIZATIONNAME = "Abdullah Mohammed";
				TargetAttributes = {
					A5CBD8342406737200EB3638 = {
						CreatedOnToolsVersion = 11.3.1;
					};
				};
			};
			buildConfigurationList = A5CBD8302406737200EB3638 /* Build configuration list for PBXProject "mapTagLocation" */;
			compatibilityVersion = "Xcode 9.3";
			developmentRegion = en;
			hasScannedForEncodings = 0;
			knownRegions = (
				en,
				Base,
			);
			mainGroup = A5CBD82C2406737200EB3638;
			productRefGroup = A5CBD8362406737200EB3638 /* Products */;
			projectDirPath = "";
			projectRoot = "";
			targets = (
				A5CBD8342406737200EB3638 /* mapTagLocation */,
			);
		};
/* End PBXProject section */

/* Begin PBXResourcesBuildPhase section */
		A5CBD8332406737200EB3638 /* Resources */ = {
			isa = PBXResourcesBuildPhase;
			buildActionMask = 2147483647;
			files = (
				A5CBD8482406737800EB3638 /* LaunchScreen.storyboard in Resources */,
				A5CBD8452406737800EB3638 /* Assets.xcassets in Resources */,
				A5CBD8402406737200EB3638 /* Main.storyboard in Resources */,
			);
			runOnlyForDeploymentPostprocessing = 0;
		};
/* End PBXResourcesBuildPhase section */

/* Begin PBXSourcesBuildPhase section */
		A5CBD8312406737200EB3638 /* Sources */ = {
			isa = PBXSourcesBuildPhase;
			buildActionMask = 2147483647;
			files = (
				A5CBD83D2406737200EB3638 /* ViewController.swift in Sources */,
				A5CBD8392406737200EB3638 /* AppDelegate.swift in Sources */,
				A5CBD8432406737200EB3638 /* mapTagLocation.xcdatamodeld in Sources */,
				A5CBD83B2406737200EB3638 /* SceneDelegate.swift in Sources */,
			);
			runOnlyForDeploymentPostprocessing = 0;
		};
/* End PBXSourcesBuildPhase section */

/* Begin PBXVariantGroup section */
		A5CBD83E2406737200EB3638 /* Main.storyboard */ = {
			isa = PBXVariantGroup;
			children = (
				A5CBD83F2406737200EB3638 /* Base */,
			);
			name = Main.storyboard;
			sourceTree = "<group>";
		};
		A5CBD8462406737800EB3638 /* LaunchScreen.storyboard */ = {
			isa = PBXVariantGroup;
			children = (
				A5CBD8472406737800EB3638 /* Base */,
			);
			name = LaunchScreen.storyboard;
			sourceTree = "<group>";
		};
/* End PBXVariantGroup section */

/* Begin XCBuildConfiguration section */
		A5CBD84A2406737800EB3638 /* Debug */ = {
			isa = XCBuildConfiguration;
			buildSettings = {
				ALWAYS_SEARCH_USER_PATHS = NO;
				CLANG_ANALYZER_NONNULL = YES;
				CLANG_ANALYZER_NUMBER_OBJECT_CONVERSION = YES_AGGRESSIVE;
				CLANG_CXX_LANGUAGE_STANDARD = "gnu++14";
				CLANG_CXX_LIBRARY = "libc++";
				CLANG_ENABLE_MODULES = YES;
				CLANG_ENABLE_OBJC_ARC = YES;
				CLANG_ENABLE_OBJC_WEAK = YES;
				CLANG_WARN_BLOCK_CAPTURE_AUTORELEASING = YES;
				CLANG_WARN_BOOL_CONVERSION = YES;
				CLANG_WARN_COMMA = YES;
				CLANG_WARN_CONSTANT_CONVERSION = YES;
				CLANG_WARN_DEPRECATED_OBJC_IMPLEMENTATIONS = YES;
				CLANG_WARN_DIRECT_OBJC_ISA_USAGE = YES_ERROR;
				CLANG_WARN_DOCUMENTATION_COMMENTS = YES;
				CLANG_WARN_EMPTY_BODY = YES;
				CLANG_WARN_ENUM_CONVERSION = YES;
				CLANG_WARN_INFINITE_RECURSION = YES;
				CLANG_WARN_INT_CONVERSION = YES;
				CLANG_WARN_NON_LITERAL_NULL_CONVERSION = YES;
				CLANG_WARN_OBJC_IMPLICIT_RETAIN_SELF = YES;
				CLANG_WARN_OBJC_LITERAL_CONVERSION = YES;
				CLANG_WARN_OBJC_ROOT_CLASS = YES_ERROR;
				CLANG_WARN_RANGE_LOOP_ANALYSIS = YES;
				CLANG_WARN_STRICT_PROTOTYPES = YES;
				CLANG_WARN_SUSPICIOUS_MOVE = YES;
				CLANG_WARN_UNGUARDED_AVAILABILITY = YES_AGGRESSIVE;
				CLANG_WARN_UNREACHABLE_CODE = YES;
				CLANG_WARN__DUPLICATE_METHOD_MATCH = YES;
				COPY_PHASE_STRIP = NO;
				DEBUG_INFORMATION_FORMAT = dwarf;
				ENABLE_STRICT_OBJC_MSGSEND = YES;
				ENABLE_TESTABILITY = YES;
				GCC_C_LANGUAGE_STANDARD = gnu11;
				GCC_DYNAMIC_NO_PIC = NO;
				GCC_NO_COMMON_BLOCKS = YES;
				GCC_OPTIMIZATION_LEVEL = 0;
				GCC_PREPROCESSOR_DEFINITIONS = (
					"DEBUG=1",
					"$(inherited)",
				);
				GCC_WARN_64_TO_32_BIT_CONVERSION = YES;
				GCC_WARN_ABOUT_RETURN_TYPE = YES_ERROR;
				GCC_WARN_UNDECLARED_SELECTOR = YES;
				GCC_WARN_UNINITIALIZED_AUTOS = YES_AGGRESSIVE;
				GCC_WARN_UNUSED_FUNCTION = YES;
				GCC_WARN_UNUSED_VARIABLE = YES;
				IPHONEOS_DEPLOYMENT_TARGET = 13.2;
				MTL_ENABLE_DEBUG_INFO = INCLUDE_SOURCE;
				MTL_FAST_MATH = YES;
				ONLY_ACTIVE_ARCH = YES;
				SDKROOT = iphoneos;
				SWIFT_ACTIVE_COMPILATION_CONDITIONS = DEBUG;
				SWIFT_OPTIMIZATION_LEVEL = "-Onone";
			};
			name = Debug;
		};
		A5CBD84B2406737800EB3638 /* Release */ = {
			isa = XCBuildConfiguration;
			buildSettings = {
				ALWAYS_SEARCH_USER_PATHS = NO;
				CLANG_ANALYZER_NONNULL = YES;
				CLANG_ANALYZER_NUMBER_OBJECT_CONVERSION = YES_AGGRESSIVE;
				CLANG_CXX_LANGUAGE_STANDARD = "gnu++14";
				CLANG_CXX_LIBRARY = "libc++";
				CLANG_ENABLE_MODULES = YES;
				CLANG_ENABLE_OBJC_ARC = YES;
				CLANG_ENABLE_OBJC_WEAK = YES;
				CLANG_WARN_BLOCK_CAPTURE_AUTORELEASING = YES;
				CLANG_WARN_BOOL_CONVERSION = YES;
				CLANG_WARN_COMMA = YES;
				CLANG_WARN_CONSTANT_CONVERSION = YES;
				CLANG_WARN_DEPRECATED_OBJC_IMPLEMENTATIONS = YES;
				CLANG_WARN_DIRECT_OBJC_ISA_USAGE = YES_ERROR;
				CLANG_WARN_DOCUMENTATION_COMMENTS = YES;
				CLANG_WARN_EMPTY_BODY = YES;
				CLANG_WARN_ENUM_CONVERSION = YES;
				CLANG_WARN_INFINITE_RECURSION = YES;
				CLANG_WARN_INT_CONVERSION = YES;
				CLANG_WARN_NON_LITERAL_NULL_CONVERSION = YES;
				CLANG_WARN_OBJC_IMPLICIT_RETAIN_SELF = YES;
				CLANG_WARN_OBJC_LITERAL_CONVERSION = YES;
				CLANG_WARN_OBJC_ROOT_CLASS = YES_ERROR;
				CLANG_WARN_RANGE_LOOP_ANALYSIS = YES;
				CLANG_WARN_STRICT_PROTOTYPES = YES;
				CLANG_WARN_SUSPICIOUS_MOVE = YES;
				CLANG_WARN_UNGUARDED_AVAILABILITY = YES_AGGRESSIVE;
				CLANG_WARN_UNREACHABLE_CODE = YES;
				CLANG_WARN__DUPLICATE_METHOD_MATCH = YES;
				COPY_PHASE_STRIP = NO;
				DEBUG_INFORMATION_FORMAT = "dwarf-with-dsym";
				ENABLE_NS_ASSERTIONS = NO;
				ENABLE_STRICT_OBJC_MSGSEND = YES;
				GCC_C_LANGUAGE_STANDARD = gnu11;
				GCC_NO_COMMON_BLOCKS = YES;
				GCC_WARN_64_TO_32_BIT_CONVERSION = YES;
				GCC_WARN_ABOUT_RETURN_TYPE = YES_ERROR;
				GCC_WARN_UNDECLARED_SELECTOR = YES;
				GCC_WARN_UNINITIALIZED_AUTOS = YES_AGGRESSIVE;
				GCC_WARN_UNUSED_FUNCTION = YES;
				GCC_WARN_UNUSED_VARIABLE = YES;
				IPHONEOS_DEPLOYMENT_TARGET = 13.2;
				MTL_ENABLE_DEBUG_INFO = NO;
				MTL_FAST_MATH = YES;
				SDKROOT = iphoneos;
				SWIFT_COMPILATION_MODE = wholemodule;
				SWIFT_OPTIMIZATION_LEVEL = "-O";
				VALIDATE_PRODUCT = YES;
			};
			name = Release;
		};
		A5CBD84D2406737800EB3638 /* Debug */ = {
			isa = XCBuildConfiguration;
			buildSettings = {
				ASSETCATALOG_COMPILER_APPICON_NAME = AppIcon;
				CODE_SIGN_STYLE = Automatic;
				DEVELOPMENT_TEAM = PGYM7MJKJ3;
				INFOPLIST_FILE = mapTagLocation/Info.plist;
				LD_RUNPATH_SEARCH_PATHS = (
					"$(inherited)",
					"@executable_path/Frameworks",
				);
				PRODUCT_BUNDLE_IDENTIFIER = com.abdullah.mapTagLocation;
				PRODUCT_NAME = "$(TARGET_NAME)";
				SWIFT_VERSION = 5.0;
				TARGETED_DEVICE_FAMILY = "1,2";
			};
			name = Debug;
		};
		A5CBD84E2406737800EB3638 /* Release */ = {
			isa = XCBuildConfiguration;
			buildSettings = {
				ASSETCATALOG_COMPILER_APPICON_NAME = AppIcon;
				CODE_SIGN_STYLE = Automatic;
				DEVELOPMENT_TEAM = PGYM7MJKJ3;
				INFOPLIST_FILE = mapTagLocation/Info.plist;
				LD_RUNPATH_SEARCH_PATHS = (
					"$(inherited)",
					"@executable_path/Frameworks",
				);
				PRODUCT_BUNDLE_IDENTIFIER = com.abdullah.mapTagLocation;
				PRODUCT_NAME = "$(TARGET_NAME)";
				SWIFT_VERSION = 5.0;
				TARGETED_DEVICE_FAMILY = "1,2";
			};
			name = Release;
		};
/* End XCBuildConfiguration section */

/* Begin XCConfigurationList section */
		A5CBD8302406737200EB3638 /* Build configuration list for PBXProject "mapTagLocation" */ = {
			isa = XCConfigurationList;
			buildConfigurations = (
				A5CBD84A2406737800EB3638 /* Debug */,
				A5CBD84B2406737800EB3638 /* Release */,
			);
			defaultConfigurationIsVisible = 0;
			defaultConfigurationName = Release;
		};
		A5CBD84C2406737800EB3638 /* Build configuration list for PBXNativeTarget "mapTagLocation" */ = {
			isa = XCConfigurationList;
			buildConfigurations = (
				A5CBD84D2406737800EB3638 /* Debug */,
				A5CBD84E2406737800EB3638 /* Release */,
			);
			defaultConfigurationIsVisible = 0;
			defaultConfigurationName = Release;
		};
/* End XCConfigurationList section */

/* Begin XCVersionGroup section */
		A5CBD8412406737200EB3638 /* mapTagLocation.xcdatamodeld */ = {
			isa = XCVersionGroup;
			children = (
				A5CBD8422406737200EB3638 /* mapTagLocation.xcdatamodel */,
			);
			currentVersion = A5CBD8422406737200EB3638 /* mapTagLocation.xcdatamodel */;
			path = mapTagLocation.xcdatamodeld;
			sourceTree = "<group>";
			versionGroupType = wrapper.xcdatamodel;
		};
/* End XCVersionGroup section */
	};
	rootObject = A5CBD82D2406737200EB3638 /* Project object */;
}
