// !$*UTF8*$!
{
	archiveVersion = 1;
	classes = {
	};
	objectVersion = 51;
	objects = {

/* Begin PBXBuildFile section */
		0544C2E095C4C1184613DE68 /* Pods_alarmofire.framework in Frameworks */ = {isa = PBXBuildFile; fileRef = 19AEE9A336C846DE6A4B7A11 /* Pods_alarmofire.framework */; };
		A508C46324055B1900F4FED1 /* AppDelegate.swift in Sources */ = {isa = PBXBuildFile; fileRef = A508C46224055B1900F4FED1 /* AppDelegate.swift */; };
		A508C46524055B1900F4FED1 /* SceneDelegate.swift in Sources */ = {isa = PBXBuildFile; fileRef = A508C46424055B1900F4FED1 /* SceneDelegate.swift */; };
		A508C46724055B1900F4FED1 /* ViewController.swift in Sources */ = {isa = PBXBuildFile; fileRef = A508C46624055B1900F4FED1 /* ViewController.swift */; };
		A508C46A24055B1900F4FED1 /* Main.storyboard in Resources */ = {isa = PBXBuildFile; fileRef = A508C46824055B1900F4FED1 /* Main.storyboard */; };
		A508C46C24055B2000F4FED1 /* Assets.xcassets in Resources */ = {isa = PBXBuildFile; fileRef = A508C46B24055B2000F4FED1 /* Assets.xcassets */; };
		A508C46F24055B2000F4FED1 /* LaunchScreen.storyboard in Resources */ = {isa = PBXBuildFile; fileRef = A508C46D24055B2000F4FED1 /* LaunchScreen.storyboard */; };
		A5CBD82B2406435500EB3638 /* filmApiResponse.swift in Sources */ = {isa = PBXBuildFile; fileRef = A5CBD82A2406435500EB3638 /* filmApiResponse.swift */; };
/* End PBXBuildFile section */

/* Begin PBXFileReference section */
		0CB175C850627E68F14ACFBB /* Pods-alarmofire.release.xcconfig */ = {isa = PBXFileReference; includeInIndex = 1; lastKnownFileType = text.xcconfig; name = "Pods-alarmofire.release.xcconfig"; path = "Target Support Files/Pods-alarmofire/Pods-alarmofire.release.xcconfig"; sourceTree = "<group>"; };
		19AEE9A336C846DE6A4B7A11 /* Pods_alarmofire.framework */ = {isa = PBXFileReference; explicitFileType = wrapper.framework; includeInIndex = 0; path = Pods_alarmofire.framework; sourceTree = BUILT_PRODUCTS_DIR; };
		5F3B86DF6F8740F35982DA29 /* Pods-alarmofire.debug.xcconfig */ = {isa = PBXFileReference; includeInIndex = 1; lastKnownFileType = text.xcconfig; name = "Pods-alarmofire.debug.xcconfig"; path = "Target Support Files/Pods-alarmofire/Pods-alarmofire.debug.xcconfig"; sourceTree = "<group>"; };
		A508C45F24055B1900F4FED1 /* alarmofire.app */ = {isa = PBXFileReference; explicitFileType = wrapper.application; includeInIndex = 0; path = alarmofire.app; sourceTree = BUILT_PRODUCTS_DIR; };
		A508C46224055B1900F4FED1 /* AppDelegate.swift */ = {isa = PBXFileReference; lastKnownFileType = sourcecode.swift; path = AppDelegate.swift; sourceTree = "<group>"; };
		A508C46424055B1900F4FED1 /* SceneDelegate.swift */ = {isa = PBXFileReference; lastKnownFileType = sourcecode.swift; path = SceneDelegate.swift; sourceTree = "<group>"; };
		A508C46624055B1900F4FED1 /* ViewController.swift */ = {isa = PBXFileReference; lastKnownFileType = sourcecode.swift; path = ViewController.swift; sourceTree = "<group>"; };
		A508C46924055B1900F4FED1 /* Base */ = {isa = PBXFileReference; lastKnownFileType = file.storyboard; name = Base; path = Base.lproj/Main.storyboard; sourceTree = "<group>"; };
		A508C46B24055B2000F4FED1 /* Assets.xcassets */ = {isa = PBXFileReference; lastKnownFileType = folder.assetcatalog; path = Assets.xcassets; sourceTree = "<group>"; };
		A508C46E24055B2000F4FED1 /* Base */ = {isa = PBXFileReference; lastKnownFileType = file.storyboard; name = Base; path = Base.lproj/LaunchScreen.storyboard; sourceTree = "<group>"; };
		A508C47024055B2000F4FED1 /* Info.plist */ = {isa = PBXFileReference; lastKnownFileType = text.plist.xml; path = Info.plist; sourceTree = "<group>"; };
		A5CBD82A2406435500EB3638 /* filmApiResponse.swift */ = {isa = PBXFileReference; lastKnownFileType = sourcecode.swift; path = filmApiResponse.swift; sourceTree = "<group>"; };
/* End PBXFileReference section */

/* Begin PBXFrameworksBuildPhase section */
		A508C45C24055B1900F4FED1 /* Frameworks */ = {
			isa = PBXFrameworksBuildPhase;
			buildActionMask = 2147483647;
			files = (
				0544C2E095C4C1184613DE68 /* Pods_alarmofire.framework in Frameworks */,
			);
			runOnlyForDeploymentPostprocessing = 0;
		};
/* End PBXFrameworksBuildPhase section */

/* Begin PBXGroup section */
		459BD462664CEBC4BEE7C72C /* Pods */ = {
			isa = PBXGroup;
			children = (
				5F3B86DF6F8740F35982DA29 /* Pods-alarmofire.debug.xcconfig */,
				0CB175C850627E68F14ACFBB /* Pods-alarmofire.release.xcconfig */,
			);
			path = Pods;
			sourceTree = "<group>";
		};
		674407D7B7759E9149BB2A08 /* Frameworks */ = {
			isa = PBXGroup;
			children = (
				19AEE9A336C846DE6A4B7A11 /* Pods_alarmofire.framework */,
			);
			name = Frameworks;
			sourceTree = "<group>";
		};
		A508C45624055B1900F4FED1 = {
			isa = PBXGroup;
			children = (
				A508C46124055B1900F4FED1 /* alarmofire */,
				A508C46024055B1900F4FED1 /* Products */,
				459BD462664CEBC4BEE7C72C /* Pods */,
				674407D7B7759E9149BB2A08 /* Frameworks */,
			);
			sourceTree = "<group>";
		};
		A508C46024055B1900F4FED1 /* Products */ = {
			isa = PBXGroup;
			children = (
				A508C45F24055B1900F4FED1 /* alarmofire.app */,
			);
			name = Products;
			sourceTree = "<group>";
		};
		A508C46124055B1900F4FED1 /* alarmofire */ = {
			isa = PBXGroup;
			children = (
				A508C46224055B1900F4FED1 /* AppDelegate.swift */,
				A508C46424055B1900F4FED1 /* SceneDelegate.swift */,
				A508C46624055B1900F4FED1 /* ViewController.swift */,
				A508C46824055B1900F4FED1 /* Main.storyboard */,
				A508C46B24055B2000F4FED1 /* Assets.xcassets */,
				A508C46D24055B2000F4FED1 /* LaunchScreen.storyboard */,
				A508C47024055B2000F4FED1 /* Info.plist */,
				A5CBD82A2406435500EB3638 /* filmApiResponse.swift */,
			);
			path = alarmofire;
			sourceTree = "<group>";
		};
/* End PBXGroup section */

/* Begin PBXNativeTarget section */
		A508C45E24055B1900F4FED1 /* alarmofire */ = {
			isa = PBXNativeTarget;
			buildConfigurationList = A508C47324055B2000F4FED1 /* Build configuration list for PBXNativeTarget "alarmofire" */;
			buildPhases = (
				7531333232EBA2E1AA665948 /* [CP] Check Pods Manifest.lock */,
				A508C45B24055B1900F4FED1 /* Sources */,
				A508C45C24055B1900F4FED1 /* Frameworks */,
				A508C45D24055B1900F4FED1 /* Resources */,
				771947D30D475F8752DECA6B /* [CP] Embed Pods Frameworks */,
			);
			buildRules = (
			);
			dependencies = (
			);
			name = alarmofire;
			productName = alarmofire;
			productReference = A508C45F24055B1900F4FED1 /* alarmofire.app */;
			productType = "com.apple.product-type.application";
		};
/* End PBXNativeTarget section */

/* Begin PBXProject section */
		A508C45724055B1900F4FED1 /* Project object */ = {
			isa = PBXProject;
			attributes = {
				LastSwiftUpdateCheck = 1130;
				LastUpgradeCheck = 1130;
				ORGANIZATIONNAME = "Abdullah Mohammed";
				TargetAttributes = {
					A508C45E24055B1900F4FED1 = {
						CreatedOnToolsVersion = 11.3.1;
					};
				};
			};
			buildConfigurationList = A508C45A24055B1900F4FED1 /* Build configuration list for PBXProject "alarmofire" */;
			compatibilityVersion = "Xcode 9.3";
			developmentRegion = en;
			hasScannedForEncodings = 0;
			knownRegions = (
				en,
				Base,
			);
			mainGroup = A508C45624055B1900F4FED1;
			productRefGroup = A508C46024055B1900F4FED1 /* Products */;
			projectDirPath = "";
			projectRoot = "";
			targets = (
				A508C45E24055B1900F4FED1 /* alarmofire */,
			);
		};
/* End PBXProject section */

/* Begin PBXResourcesBuildPhase section */
		A508C45D24055B1900F4FED1 /* Resources */ = {
			isa = PBXResourcesBuildPhase;
			buildActionMask = 2147483647;
			files = (
				A508C46F24055B2000F4FED1 /* LaunchScreen.storyboard in Resources */,
				A508C46C24055B2000F4FED1 /* Assets.xcassets in Resources */,
				A508C46A24055B1900F4FED1 /* Main.storyboard in Resources */,
			);
			runOnlyForDeploymentPostprocessing = 0;
		};
/* End PBXResourcesBuildPhase section */

/* Begin PBXShellScriptBuildPhase section */
		7531333232EBA2E1AA665948 /* [CP] Check Pods Manifest.lock */ = {
			isa = PBXShellScriptBuildPhase;
			buildActionMask = 2147483647;
			files = (
			);
			inputFileListPaths = (
			);
			inputPaths = (
				"${PODS_PODFILE_DIR_PATH}/Podfile.lock",
				"${PODS_ROOT}/Manifest.lock",
			);
			name = "[CP] Check Pods Manifest.lock";
			outputFileListPaths = (
			);
			outputPaths = (
				"$(DERIVED_FILE_DIR)/Pods-alarmofire-checkManifestLockResult.txt",
			);
			runOnlyForDeploymentPostprocessing = 0;
			shellPath = /bin/sh;
			shellScript = "diff \"${PODS_PODFILE_DIR_PATH}/Podfile.lock\" \"${PODS_ROOT}/Manifest.lock\" > /dev/null\nif [ $? != 0 ] ; then\n    # print error to STDERR\n    echo \"error: The sandbox is not in sync with the Podfile.lock. Run 'pod install' or update your CocoaPods installation.\" >&2\n    exit 1\nfi\n# This output is used by Xcode 'outputs' to avoid re-running this script phase.\necho \"SUCCESS\" > \"${SCRIPT_OUTPUT_FILE_0}\"\n";
			showEnvVarsInLog = 0;
		};
		771947D30D475F8752DECA6B /* [CP] Embed Pods Frameworks */ = {
			isa = PBXShellScriptBuildPhase;
			buildActionMask = 2147483647;
			files = (
			);
			inputFileListPaths = (
				"${PODS_ROOT}/Target Support Files/Pods-alarmofire/Pods-alarmofire-frameworks-${CONFIGURATION}-input-files.xcfilelist",
			);
			name = "[CP] Embed Pods Frameworks";
			outputFileListPaths = (
				"${PODS_ROOT}/Target Support Files/Pods-alarmofire/Pods-alarmofire-frameworks-${CONFIGURATION}-output-files.xcfilelist",
			);
			runOnlyForDeploymentPostprocessing = 0;
			shellPath = /bin/sh;
			shellScript = "\"${PODS_ROOT}/Target Support Files/Pods-alarmofire/Pods-alarmofire-frameworks.sh\"\n";
			showEnvVarsInLog = 0;
		};
/* End PBXShellScriptBuildPhase section */

/* Begin PBXSourcesBuildPhase section */
		A508C45B24055B1900F4FED1 /* Sources */ = {
			isa = PBXSourcesBuildPhase;
			buildActionMask = 2147483647;
			files = (
				A508C46724055B1900F4FED1 /* ViewController.swift in Sources */,
				A5CBD82B2406435500EB3638 /* filmApiResponse.swift in Sources */,
				A508C46324055B1900F4FED1 /* AppDelegate.swift in Sources */,
				A508C46524055B1900F4FED1 /* SceneDelegate.swift in Sources */,
			);
			runOnlyForDeploymentPostprocessing = 0;
		};
/* End PBXSourcesBuildPhase section */

/* Begin PBXVariantGroup section */
		A508C46824055B1900F4FED1 /* Main.storyboard */ = {
			isa = PBXVariantGroup;
			children = (
				A508C46924055B1900F4FED1 /* Base */,
			);
			name = Main.storyboard;
			sourceTree = "<group>";
		};
		A508C46D24055B2000F4FED1 /* LaunchScreen.storyboard */ = {
			isa = PBXVariantGroup;
			children = (
				A508C46E24055B2000F4FED1 /* Base */,
			);
			name = LaunchScreen.storyboard;
			sourceTree = "<group>";
		};
/* End PBXVariantGroup section */

/* Begin XCBuildConfiguration section */
		A508C47124055B2000F4FED1 /* Debug */ = {
			isa = XCBuildConfiguration;
			buildSettings = {
				ALWAYS_SEARCH_USER_PATHS = NO;
				CLANG_ANALYZER_NONNULL = YES;
				CLANG_ANALYZER_NUMBER_OBJECT_CONVERSION = YES_AGGRESSIVE;
				CLANG_CXX_LANGUAGE_STANDARD = "gnu++14";
				CLANG_CXX_LIBRARY = "libc++";
				CLANG_ENABLE_MODULES = YES;
				CLANG_ENABLE_OBJC_ARC = YES;
				CLANG_ENABLE_OBJC_WEAK = YES;
				CLANG_WARN_BLOCK_CAPTURE_AUTORELEASING = YES;
				CLANG_WARN_BOOL_CONVERSION = YES;
				CLANG_WARN_COMMA = YES;
				CLANG_WARN_CONSTANT_CONVERSION = YES;
				CLANG_WARN_DEPRECATED_OBJC_IMPLEMENTATIONS = YES;
				CLANG_WARN_DIRECT_OBJC_ISA_USAGE = YES_ERROR;
				CLANG_WARN_DOCUMENTATION_COMMENTS = YES;
				CLANG_WARN_EMPTY_BODY = YES;
				CLANG_WARN_ENUM_CONVERSION = YES;
				CLANG_WARN_INFINITE_RECURSION = YES;
				CLANG_WARN_INT_CONVERSION = YES;
				CLANG_WARN_NON_LITERAL_NULL_CONVERSION = YES;
				CLANG_WARN_OBJC_IMPLICIT_RETAIN_SELF = YES;
				CLANG_WARN_OBJC_LITERAL_CONVERSION = YES;
				CLANG_WARN_OBJC_ROOT_CLASS = YES_ERROR;
				CLANG_WARN_RANGE_LOOP_ANALYSIS = YES;
				CLANG_WARN_STRICT_PROTOTYPES = YES;
				CLANG_WARN_SUSPICIOUS_MOVE = YES;
				CLANG_WARN_UNGUARDED_AVAILABILITY = YES_AGGRESSIVE;
				CLANG_WARN_UNREACHABLE_CODE = YES;
				CLANG_WARN__DUPLICATE_METHOD_MATCH = YES;
				COPY_PHASE_STRIP = NO;
				DEBUG_INFORMATION_FORMAT = dwarf;
				ENABLE_STRICT_OBJC_MSGSEND = YES;
				ENABLE_TESTABILITY = YES;
				GCC_C_LANGUAGE_STANDARD = gnu11;
				GCC_DYNAMIC_NO_PIC = NO;
				GCC_NO_COMMON_BLOCKS = YES;
				GCC_OPTIMIZATION_LEVEL = 0;
				GCC_PREPROCESSOR_DEFINITIONS = (
					"DEBUG=1",
					"$(inherited)",
				);
				GCC_WARN_64_TO_32_BIT_CONVERSION = YES;
				GCC_WARN_ABOUT_RETURN_TYPE = YES_ERROR;
				GCC_WARN_UNDECLARED_SELECTOR = YES;
				GCC_WARN_UNINITIALIZED_AUTOS = YES_AGGRESSIVE;
				GCC_WARN_UNUSED_FUNCTION = YES;
				GCC_WARN_UNUSED_VARIABLE = YES;
				IPHONEOS_DEPLOYMENT_TARGET = 13.2;
				MTL_ENABLE_DEBUG_INFO = INCLUDE_SOURCE;
				MTL_FAST_MATH = YES;
				ONLY_ACTIVE_ARCH = YES;
				SDKROOT = iphoneos;
				SWIFT_ACTIVE_COMPILATION_CONDITIONS = DEBUG;
				SWIFT_OPTIMIZATION_LEVEL = "-Onone";
			};
			name = Debug;
		};
		A508C47224055B2000F4FED1 /* Release */ = {
			isa = XCBuildConfiguration;
			buildSettings = {
				ALWAYS_SEARCH_USER_PATHS = NO;
				CLANG_ANALYZER_NONNULL = YES;
				CLANG_ANALYZER_NUMBER_OBJECT_CONVERSION = YES_AGGRESSIVE;
				CLANG_CXX_LANGUAGE_STANDARD = "gnu++14";
				CLANG_CXX_LIBRARY = "libc++";
				CLANG_ENABLE_MODULES = YES;
				CLANG_ENABLE_OBJC_ARC = YES;
				CLANG_ENABLE_OBJC_WEAK = YES;
				CLANG_WARN_BLOCK_CAPTURE_AUTORELEASING = YES;
				CLANG_WARN_BOOL_CONVERSION = YES;
				CLANG_WARN_COMMA = YES;
				CLANG_WARN_CONSTANT_CONVERSION = YES;
				CLANG_WARN_DEPRECATED_OBJC_IMPLEMENTATIONS = YES;
				CLANG_WARN_DIRECT_OBJC_ISA_USAGE = YES_ERROR;
				CLANG_WARN_DOCUMENTATION_COMMENTS = YES;
				CLANG_WARN_EMPTY_BODY = YES;
				CLANG_WARN_ENUM_CONVERSION = YES;
				CLANG_WARN_INFINITE_RECURSION = YES;
				CLANG_WARN_INT_CONVERSION = YES;
				CLANG_WARN_NON_LITERAL_NULL_CONVERSION = YES;
				CLANG_WARN_OBJC_IMPLICIT_RETAIN_SELF = YES;
				CLANG_WARN_OBJC_LITERAL_CONVERSION = YES;
				CLANG_WARN_OBJC_ROOT_CLASS = YES_ERROR;
				CLANG_WARN_RANGE_LOOP_ANALYSIS = YES;
				CLANG_WARN_STRICT_PROTOTYPES = YES;
				CLANG_WARN_SUSPICIOUS_MOVE = YES;
				CLANG_WARN_UNGUARDED_AVAILABILITY = YES_AGGRESSIVE;
				CLANG_WARN_UNREACHABLE_CODE = YES;
				CLANG_WARN__DUPLICATE_METHOD_MATCH = YES;
				COPY_PHASE_STRIP = NO;
				DEBUG_INFORMATION_FORMAT = "dwarf-with-dsym";
				ENABLE_NS_ASSERTIONS = NO;
				ENABLE_STRICT_OBJC_MSGSEND = YES;
				GCC_C_LANGUAGE_STANDARD = gnu11;
				GCC_NO_COMMON_BLOCKS = YES;
				GCC_WARN_64_TO_32_BIT_CONVERSION = YES;
				GCC_WARN_ABOUT_RETURN_TYPE = YES_ERROR;
				GCC_WARN_UNDECLARED_SELECTOR = YES;
				GCC_WARN_UNINITIALIZED_AUTOS = YES_AGGRESSIVE;
				GCC_WARN_UNUSED_FUNCTION = YES;
				GCC_WARN_UNUSED_VARIABLE = YES;
				IPHONEOS_DEPLOYMENT_TARGET = 13.2;
				MTL_ENABLE_DEBUG_INFO = NO;
				MTL_FAST_MATH = YES;
				SDKROOT = iphoneos;
				SWIFT_COMPILATION_MODE = wholemodule;
				SWIFT_OPTIMIZATION_LEVEL = "-O";
				VALIDATE_PRODUCT = YES;
			};
			name = Release;
		};
		A508C47424055B2000F4FED1 /* Debug */ = {
			isa = XCBuildConfiguration;
			baseConfigurationReference = 5F3B86DF6F8740F35982DA29 /* Pods-alarmofire.debug.xcconfig */;
			buildSettings = {
				ASSETCATALOG_COMPILER_APPICON_NAME = AppIcon;
				CODE_SIGN_STYLE = Automatic;
				DEVELOPMENT_TEAM = PGYM7MJKJ3;
				INFOPLIST_FILE = alarmofire/Info.plist;
				LD_RUNPATH_SEARCH_PATHS = (
					"$(inherited)",
					"@executable_path/Frameworks",
				);
				PRODUCT_BUNDLE_IDENTIFIER = com.abdullah.alarmofire;
				PRODUCT_NAME = "$(TARGET_NAME)";
				SWIFT_VERSION = 5.0;
				TARGETED_DEVICE_FAMILY = "1,2";
			};
			name = Debug;
		};
		A508C47524055B2000F4FED1 /* Release */ = {
			isa = XCBuildConfiguration;
			baseConfigurationReference = 0CB175C850627E68F14ACFBB /* Pods-alarmofire.release.xcconfig */;
			buildSettings = {
				ASSETCATALOG_COMPILER_APPICON_NAME = AppIcon;
				CODE_SIGN_STYLE = Automatic;
				DEVELOPMENT_TEAM = PGYM7MJKJ3;
				INFOPLIST_FILE = alarmofire/Info.plist;
				LD_RUNPATH_SEARCH_PATHS = (
					"$(inherited)",
					"@executable_path/Frameworks",
				);
				PRODUCT_BUNDLE_IDENTIFIER = com.abdullah.alarmofire;
				PRODUCT_NAME = "$(TARGET_NAME)";
				SWIFT_VERSION = 5.0;
				TARGETED_DEVICE_FAMILY = "1,2";
			};
			name = Release;
		};
/* End XCBuildConfiguration section */

/* Begin XCConfigurationList section */
		A508C45A24055B1900F4FED1 /* Build configuration list for PBXProject "alarmofire" */ = {
			isa = XCConfigurationList;
			buildConfigurations = (
				A508C47124055B2000F4FED1 /* Debug */,
				A508C47224055B2000F4FED1 /* Release */,
			);
			defaultConfigurationIsVisible = 0;
			defaultConfigurationName = Release;
		};
		A508C47324055B2000F4FED1 /* Build configuration list for PBXNativeTarget "alarmofire" */ = {
			isa = XCConfigurationList;
			buildConfigurations = (
				A508C47424055B2000F4FED1 /* Debug */,
				A508C47524055B2000F4FED1 /* Release */,
			);
			defaultConfigurationIsVisible = 0;
			defaultConfigurationName = Release;
		};
/* End XCConfigurationList section */
	};
	rootObject = A508C45724055B1900F4FED1 /* Project object */;
}
